// !$*UTF8*$!
{
	archiveVersion = 1;
	classes = {
	};
	objectVersion = 50;
	objects = {

/* Begin PBXBuildFile section */
		EC0338772400FD62008CBFF1 /* CoreGraphics.framework in Frameworks */ = {isa = PBXBuildFile; fileRef = EC0338762400FD62008CBFF1 /* CoreGraphics.framework */; };
		EC0338792400FD6C008CBFF1 /* AVFoundation.framework in Frameworks */ = {isa = PBXBuildFile; fileRef = EC0338782400FD6C008CBFF1 /* AVFoundation.framework */; };
		EC03387B2400FD75008CBFF1 /* Foundation.framework in Frameworks */ = {isa = PBXBuildFile; fileRef = EC03387A2400FD75008CBFF1 /* Foundation.framework */; };
		EC03387D2400FD7C008CBFF1 /* UIKit.framework in Frameworks */ = {isa = PBXBuildFile; fileRef = EC03387C2400FD7C008CBFF1 /* UIKit.framework */; };
		EC03388424011299008CBFF1 /* CameraFocusView.m in Sources */ = {isa = PBXBuildFile; fileRef = EC03388324011299008CBFF1 /* CameraFocusView.m */; };
		EC03388824011319008CBFF1 /* CameraPreviewView.m in Sources */ = {isa = PBXBuildFile; fileRef = EC03388724011319008CBFF1 /* CameraPreviewView.m */; };
		ECB486A92400EDAC0090128C /* AppDelegate.m in Sources */ = {isa = PBXBuildFile; fileRef = ECB486A82400EDAC0090128C /* AppDelegate.m */; };
		ECB486AC2400EDAC0090128C /* SceneDelegate.m in Sources */ = {isa = PBXBuildFile; fileRef = ECB486AB2400EDAC0090128C /* SceneDelegate.m */; };
		ECB486AF2400EDAC0090128C /* ViewController.m in Sources */ = {isa = PBXBuildFile; fileRef = ECB486AE2400EDAC0090128C /* ViewController.m */; };
		ECB486B22400EDAC0090128C /* Main.storyboard in Resources */ = {isa = PBXBuildFile; fileRef = ECB486B02400EDAC0090128C /* Main.storyboard */; };
		ECB486B42400EDAE0090128C /* Assets.xcassets in Resources */ = {isa = PBXBuildFile; fileRef = ECB486B32400EDAE0090128C /* Assets.xcassets */; };
		ECB486B72400EDAE0090128C /* LaunchScreen.storyboard in Resources */ = {isa = PBXBuildFile; fileRef = ECB486B52400EDAE0090128C /* LaunchScreen.storyboard */; };
		ECB486BA2400EDAE0090128C /* main.m in Sources */ = {isa = PBXBuildFile; fileRef = ECB486B92400EDAE0090128C /* main.m */; };
/* End PBXBuildFile section */

/* Begin PBXFileReference section */
		EC0338762400FD62008CBFF1 /* CoreGraphics.framework */ = {isa = PBXFileReference; lastKnownFileType = wrapper.framework; name = CoreGraphics.framework; path = System/Library/Frameworks/CoreGraphics.framework; sourceTree = SDKROOT; };
		EC0338782400FD6C008CBFF1 /* AVFoundation.framework */ = {isa = PBXFileReference; lastKnownFileType = wrapper.framework; name = AVFoundation.framework; path = System/Library/Frameworks/AVFoundation.framework; sourceTree = SDKROOT; };
		EC03387A2400FD75008CBFF1 /* Foundation.framework */ = {isa = PBXFileReference; lastKnownFileType = wrapper.framework; name = Foundation.framework; path = System/Library/Frameworks/Foundation.framework; sourceTree = SDKROOT; };
		EC03387C2400FD7C008CBFF1 /* UIKit.framework */ = {isa = PBXFileReference; lastKnownFileType = wrapper.framework; name = UIKit.framework; path = System/Library/Frameworks/UIKit.framework; sourceTree = SDKROOT; };
		EC03388224011299008CBFF1 /* CameraFocusView.h */ = {isa = PBXFileReference; lastKnownFileType = sourcecode.c.h; path = CameraFocusView.h; sourceTree = "<group>"; };
		EC03388324011299008CBFF1 /* CameraFocusView.m */ = {isa = PBXFileReference; lastKnownFileType = sourcecode.c.objc; path = CameraFocusView.m; sourceTree = "<group>"; };
		EC03388624011319008CBFF1 /* CameraPreviewView.h */ = {isa = PBXFileReference; lastKnownFileType = sourcecode.c.h; path = CameraPreviewView.h; sourceTree = "<group>"; };
		EC03388724011319008CBFF1 /* CameraPreviewView.m */ = {isa = PBXFileReference; lastKnownFileType = sourcecode.c.objc; path = CameraPreviewView.m; sourceTree = "<group>"; };
		ECB486A42400EDAC0090128C /* LocoCamera.app */ = {isa = PBXFileReference; explicitFileType = wrapper.application; includeInIndex = 0; path = LocoCamera.app; sourceTree = BUILT_PRODUCTS_DIR; };
		ECB486A72400EDAC0090128C /* AppDelegate.h */ = {isa = PBXFileReference; lastKnownFileType = sourcecode.c.h; path = AppDelegate.h; sourceTree = "<group>"; };
		ECB486A82400EDAC0090128C /* AppDelegate.m */ = {isa = PBXFileReference; lastKnownFileType = sourcecode.c.objc; path = AppDelegate.m; sourceTree = "<group>"; };
		ECB486AA2400EDAC0090128C /* SceneDelegate.h */ = {isa = PBXFileReference; lastKnownFileType = sourcecode.c.h; path = SceneDelegate.h; sourceTree = "<group>"; };
		ECB486AB2400EDAC0090128C /* SceneDelegate.m */ = {isa = PBXFileReference; lastKnownFileType = sourcecode.c.objc; path = SceneDelegate.m; sourceTree = "<group>"; };
		ECB486AD2400EDAC0090128C /* ViewController.h */ = {isa = PBXFileReference; lastKnownFileType = sourcecode.c.h; path = ViewController.h; sourceTree = "<group>"; };
		ECB486AE2400EDAC0090128C /* ViewController.m */ = {isa = PBXFileReference; lastKnownFileType = sourcecode.c.objc; path = ViewController.m; sourceTree = "<group>"; };
		ECB486B12400EDAC0090128C /* Base */ = {isa = PBXFileReference; lastKnownFileType = file.storyboard; name = Base; path = Base.lproj/Main.storyboard; sourceTree = "<group>"; };
		ECB486B32400EDAE0090128C /* Assets.xcassets */ = {isa = PBXFileReference; lastKnownFileType = folder.assetcatalog; path = Assets.xcassets; sourceTree = "<group>"; };
		ECB486B62400EDAE0090128C /* Base */ = {isa = PBXFileReference; lastKnownFileType = file.storyboard; name = Base; path = Base.lproj/LaunchScreen.storyboard; sourceTree = "<group>"; };
		ECB486B82400EDAE0090128C /* Info.plist */ = {isa = PBXFileReference; lastKnownFileType = text.plist.xml; path = Info.plist; sourceTree = "<group>"; };
		ECB486B92400EDAE0090128C /* main.m */ = {isa = PBXFileReference; lastKnownFileType = sourcecode.c.objc; path = main.m; sourceTree = "<group>"; };
/* End PBXFileReference section */

/* Begin PBXFrameworksBuildPhase section */
		ECB486A12400EDAC0090128C /* Frameworks */ = {
			isa = PBXFrameworksBuildPhase;
			buildActionMask = 2147483647;
			files = (
				EC0338792400FD6C008CBFF1 /* AVFoundation.framework in Frameworks */,
				EC03387D2400FD7C008CBFF1 /* UIKit.framework in Frameworks */,
				EC03387B2400FD75008CBFF1 /* Foundation.framework in Frameworks */,
				EC0338772400FD62008CBFF1 /* CoreGraphics.framework in Frameworks */,
			);
			runOnlyForDeploymentPostprocessing = 0;
		};
/* End PBXFrameworksBuildPhase section */

/* Begin PBXGroup section */
		EC0338752400FD62008CBFF1 /* Frameworks */ = {
			isa = PBXGroup;
			children = (
				EC03387C2400FD7C008CBFF1 /* UIKit.framework */,
				EC03387A2400FD75008CBFF1 /* Foundation.framework */,
				EC0338782400FD6C008CBFF1 /* AVFoundation.framework */,
				EC0338762400FD62008CBFF1 /* CoreGraphics.framework */,
			);
			name = Frameworks;
			sourceTree = "<group>";
		};
		EC03387E240111B0008CBFF1 /* CameraFocusView */ = {
			isa = PBXGroup;
			children = (
				EC03388224011299008CBFF1 /* CameraFocusView.h */,
				EC03388324011299008CBFF1 /* CameraFocusView.m */,
			);
			path = CameraFocusView;
			sourceTree = "<group>";
		};
		EC033885240112FC008CBFF1 /* CameraPreviewView */ = {
			isa = PBXGroup;
			children = (
				EC03388624011319008CBFF1 /* CameraPreviewView.h */,
				EC03388724011319008CBFF1 /* CameraPreviewView.m */,
			);
			path = CameraPreviewView;
			sourceTree = "<group>";
		};
		ECB4869B2400EDAC0090128C = {
			isa = PBXGroup;
			children = (
				ECB486A62400EDAC0090128C /* CustomCamera */,
				ECB486A52400EDAC0090128C /* Products */,
				EC0338752400FD62008CBFF1 /* Frameworks */,
			);
			sourceTree = "<group>";
		};
		ECB486A52400EDAC0090128C /* Products */ = {
			isa = PBXGroup;
			children = (
				ECB486A42400EDAC0090128C /* LocoCamera.app */,
			);
			name = Products;
			sourceTree = "<group>";
		};
		ECB486A62400EDAC0090128C /* CustomCamera */ = {
			isa = PBXGroup;
			children = (
				EC033885240112FC008CBFF1 /* CameraPreviewView */,
				EC03387E240111B0008CBFF1 /* CameraFocusView */,
				ECB486A72400EDAC0090128C /* AppDelegate.h */,
				ECB486A82400EDAC0090128C /* AppDelegate.m */,
				ECB486AA2400EDAC0090128C /* SceneDelegate.h */,
				ECB486AB2400EDAC0090128C /* SceneDelegate.m */,
				ECB486AD2400EDAC0090128C /* ViewController.h */,
				ECB486AE2400EDAC0090128C /* ViewController.m */,
				ECB486B02400EDAC0090128C /* Main.storyboard */,
				ECB486B32400EDAE0090128C /* Assets.xcassets */,
				ECB486B52400EDAE0090128C /* LaunchScreen.storyboard */,
				ECB486B82400EDAE0090128C /* Info.plist */,
				ECB486B92400EDAE0090128C /* main.m */,
			);
			path = CustomCamera;
			sourceTree = "<group>";
		};
/* End PBXGroup section */

/* Begin PBXNativeTarget section */
		ECB486A32400EDAC0090128C /* CustomCamera */ = {
			isa = PBXNativeTarget;
			buildConfigurationList = ECB486BD2400EDAE0090128C /* Build configuration list for PBXNativeTarget "CustomCamera" */;
			buildPhases = (
				ECB486A02400EDAC0090128C /* Sources */,
				ECB486A12400EDAC0090128C /* Frameworks */,
				ECB486A22400EDAC0090128C /* Resources */,
			);
			buildRules = (
			);
			dependencies = (
			);
			name = CustomCamera;
			productName = CustomCamera;
			productReference = ECB486A42400EDAC0090128C /* LocoCamera.app */;
			productType = "com.apple.product-type.application";
		};
/* End PBXNativeTarget section */

/* Begin PBXProject section */
		ECB4869C2400EDAC0090128C /* Project object */ = {
			isa = PBXProject;
			attributes = {
				LastUpgradeCheck = 1130;
				ORGANIZATIONNAME = "Nikhil Devgire";
				TargetAttributes = {
					ECB486A32400EDAC0090128C = {
						CreatedOnToolsVersion = 11.3.1;
					};
				};
			};
			buildConfigurationList = ECB4869F2400EDAC0090128C /* Build configuration list for PBXProject "CustomCamera" */;
			compatibilityVersion = "Xcode 9.3";
			developmentRegion = en;
			hasScannedForEncodings = 0;
			knownRegions = (
				en,
				Base,
			);
			mainGroup = ECB4869B2400EDAC0090128C;
			productRefGroup = ECB486A52400EDAC0090128C /* Products */;
			projectDirPath = "";
			projectRoot = "";
			targets = (
				ECB486A32400EDAC0090128C /* CustomCamera */,
			);
		};
/* End PBXProject section */

/* Begin PBXResourcesBuildPhase section */
		ECB486A22400EDAC0090128C /* Resources */ = {
			isa = PBXResourcesBuildPhase;
			buildActionMask = 2147483647;
			files = (
				ECB486B72400EDAE0090128C /* LaunchScreen.storyboard in Resources */,
				ECB486B42400EDAE0090128C /* Assets.xcassets in Resources */,
				ECB486B22400EDAC0090128C /* Main.storyboard in Resources */,
			);
			runOnlyForDeploymentPostprocessing = 0;
		};
/* End PBXResourcesBuildPhase section */

/* Begin PBXSourcesBuildPhase section */
		ECB486A02400EDAC0090128C /* Sources */ = {
			isa = PBXSourcesBuildPhase;
			buildActionMask = 2147483647;
			files = (
				EC03388424011299008CBFF1 /* CameraFocusView.m in Sources */,
				ECB486AF2400EDAC0090128C /* ViewController.m in Sources */,
				EC03388824011319008CBFF1 /* CameraPreviewView.m in Sources */,
				ECB486A92400EDAC0090128C /* AppDelegate.m in Sources */,
				ECB486BA2400EDAE0090128C /* main.m in Sources */,
				ECB486AC2400EDAC0090128C /* SceneDelegate.m in Sources */,
			);
			runOnlyForDeploymentPostprocessing = 0;
		};
/* End PBXSourcesBuildPhase section */

/* Begin PBXVariantGroup section */
		ECB486B02400EDAC0090128C /* Main.storyboard */ = {
			isa = PBXVariantGroup;
			children = (
				ECB486B12400EDAC0090128C /* Base */,
			);
			name = Main.storyboard;
			sourceTree = "<group>";
		};
		ECB486B52400EDAE0090128C /* LaunchScreen.storyboard */ = {
			isa = PBXVariantGroup;
			children = (
				ECB486B62400EDAE0090128C /* Base */,
			);
			name = LaunchScreen.storyboard;
			sourceTree = "<group>";
		};
/* End PBXVariantGroup section */

/* Begin XCBuildConfiguration section */
		ECB486BB2400EDAE0090128C /* Debug */ = {
			isa = XCBuildConfiguration;
			buildSettings = {
				ALWAYS_SEARCH_USER_PATHS = NO;
				CLANG_ANALYZER_NONNULL = YES;
				CLANG_ANALYZER_NUMBER_OBJECT_CONVERSION = YES_AGGRESSIVE;
				CLANG_CXX_LANGUAGE_STANDARD = "gnu++14";
				CLANG_CXX_LIBRARY = "libc++";
				CLANG_ENABLE_MODULES = YES;
				CLANG_ENABLE_OBJC_ARC = YES;
				CLANG_ENABLE_OBJC_WEAK = YES;
				CLANG_WARN_BLOCK_CAPTURE_AUTORELEASING = YES;
				CLANG_WARN_BOOL_CONVERSION = YES;
				CLANG_WARN_COMMA = YES;
				CLANG_WARN_CONSTANT_CONVERSION = YES;
				CLANG_WARN_DEPRECATED_OBJC_IMPLEMENTATIONS = YES;
				CLANG_WARN_DIRECT_OBJC_ISA_USAGE = YES_ERROR;
				CLANG_WARN_DOCUMENTATION_COMMENTS = YES;
				CLANG_WARN_EMPTY_BODY = YES;
				CLANG_WARN_ENUM_CONVERSION = YES;
				CLANG_WARN_INFINITE_RECURSION = YES;
				CLANG_WARN_INT_CONVERSION = YES;
				CLANG_WARN_NON_LITERAL_NULL_CONVERSION = YES;
				CLANG_WARN_OBJC_IMPLICIT_RETAIN_SELF = YES;
				CLANG_WARN_OBJC_LITERAL_CONVERSION = YES;
				CLANG_WARN_OBJC_ROOT_CLASS = YES_ERROR;
				CLANG_WARN_RANGE_LOOP_ANALYSIS = YES;
				CLANG_WARN_STRICT_PROTOTYPES = YES;
				CLANG_WARN_SUSPICIOUS_MOVE = YES;
				CLANG_WARN_UNGUARDED_AVAILABILITY = YES_AGGRESSIVE;
				CLANG_WARN_UNREACHABLE_CODE = YES;
				CLANG_WARN__DUPLICATE_METHOD_MATCH = YES;
				COPY_PHASE_STRIP = NO;
				DEBUG_INFORMATION_FORMAT = dwarf;
				ENABLE_STRICT_OBJC_MSGSEND = YES;
				ENABLE_TESTABILITY = YES;
				GCC_C_LANGUAGE_STANDARD = gnu11;
				GCC_DYNAMIC_NO_PIC = NO;
				GCC_NO_COMMON_BLOCKS = YES;
				GCC_OPTIMIZATION_LEVEL = 0;
				GCC_PREPROCESSOR_DEFINITIONS = (
					"DEBUG=1",
					"$(inherited)",
				);
				GCC_WARN_64_TO_32_BIT_CONVERSION = YES;
				GCC_WARN_ABOUT_RETURN_TYPE = YES_ERROR;
				GCC_WARN_UNDECLARED_SELECTOR = YES;
				GCC_WARN_UNINITIALIZED_AUTOS = YES_AGGRESSIVE;
				GCC_WARN_UNUSED_FUNCTION = YES;
				GCC_WARN_UNUSED_VARIABLE = YES;
				IPHONEOS_DEPLOYMENT_TARGET = 13.2;
				MTL_ENABLE_DEBUG_INFO = INCLUDE_SOURCE;
				MTL_FAST_MATH = YES;
				ONLY_ACTIVE_ARCH = YES;
				SDKROOT = iphoneos;
			};
			name = Debug;
		};
		ECB486BC2400EDAE0090128C /* Release */ = {
			isa = XCBuildConfiguration;
			buildSettings = {
				ALWAYS_SEARCH_USER_PATHS = NO;
				CLANG_ANALYZER_NONNULL = YES;
				CLANG_ANALYZER_NUMBER_OBJECT_CONVERSION = YES_AGGRESSIVE;
				CLANG_CXX_LANGUAGE_STANDARD = "gnu++14";
				CLANG_CXX_LIBRARY = "libc++";
				CLANG_ENABLE_MODULES = YES;
				CLANG_ENABLE_OBJC_ARC = YES;
				CLANG_ENABLE_OBJC_WEAK = YES;
				CLANG_WARN_BLOCK_CAPTURE_AUTORELEASING = YES;
				CLANG_WARN_BOOL_CONVERSION = YES;
				CLANG_WARN_COMMA = YES;
				CLANG_WARN_CONSTANT_CONVERSION = YES;
				CLANG_WARN_DEPRECATED_OBJC_IMPLEMENTATIONS = YES;
				CLANG_WARN_DIRECT_OBJC_ISA_USAGE = YES_ERROR;
				CLANG_WARN_DOCUMENTATION_COMMENTS = YES;
				CLANG_WARN_EMPTY_BODY = YES;
				CLANG_WARN_ENUM_CONVERSION = YES;
				CLANG_WARN_INFINITE_RECURSION = YES;
				CLANG_WARN_INT_CONVERSION = YES;
				CLANG_WARN_NON_LITERAL_NULL_CONVERSION = YES;
				CLANG_WARN_OBJC_IMPLICIT_RETAIN_SELF = YES;
				CLANG_WARN_OBJC_LITERAL_CONVERSION = YES;
				CLANG_WARN_OBJC_ROOT_CLASS = YES_ERROR;
				CLANG_WARN_RANGE_LOOP_ANALYSIS = YES;
				CLANG_WARN_STRICT_PROTOTYPES = YES;
				CLANG_WARN_SUSPICIOUS_MOVE = YES;
				CLANG_WARN_UNGUARDED_AVAILABILITY = YES_AGGRESSIVE;
				CLANG_WARN_UNREACHABLE_CODE = YES;
				CLANG_WARN__DUPLICATE_METHOD_MATCH = YES;
				COPY_PHASE_STRIP = NO;
				DEBUG_INFORMATION_FORMAT = "dwarf-with-dsym";
				ENABLE_NS_ASSERTIONS = NO;
				ENABLE_STRICT_OBJC_MSGSEND = YES;
				GCC_C_LANGUAGE_STANDARD = gnu11;
				GCC_NO_COMMON_BLOCKS = YES;
				GCC_WARN_64_TO_32_BIT_CONVERSION = YES;
				GCC_WARN_ABOUT_RETURN_TYPE = YES_ERROR;
				GCC_WARN_UNDECLARED_SELECTOR = YES;
				GCC_WARN_UNINITIALIZED_AUTOS = YES_AGGRESSIVE;
				GCC_WARN_UNUSED_FUNCTION = YES;
				GCC_WARN_UNUSED_VARIABLE = YES;
				IPHONEOS_DEPLOYMENT_TARGET = 13.2;
				MTL_ENABLE_DEBUG_INFO = NO;
				MTL_FAST_MATH = YES;
				SDKROOT = iphoneos;
				VALIDATE_PRODUCT = YES;
			};
			name = Release;
		};
		ECB486BE2400EDAE0090128C /* Debug */ = {
			isa = XCBuildConfiguration;
			buildSettings = {
				ASSETCATALOG_COMPILER_APPICON_NAME = AppIcon;
				CODE_SIGN_STYLE = Automatic;
				DEVELOPMENT_TEAM = 83MYR8J4KC;
				INFOPLIST_FILE = CustomCamera/Info.plist;
				LD_RUNPATH_SEARCH_PATHS = (
					"$(inherited)",
					"@executable_path/Frameworks",
				);
				PRODUCT_BUNDLE_IDENTIFIER = com.example.LocoCamera;
				PRODUCT_NAME = LocoCamera;
				TARGETED_DEVICE_FAMILY = "1,2";
			};
			name = Debug;
		};
		ECB486BF2400EDAE0090128C /* Release */ = {
			isa = XCBuildConfiguration;
			buildSettings = {
				ASSETCATALOG_COMPILER_APPICON_NAME = AppIcon;
				CODE_SIGN_STYLE = Automatic;
				DEVELOPMENT_TEAM = 83MYR8J4KC;
				INFOPLIST_FILE = CustomCamera/Info.plist;
				LD_RUNPATH_SEARCH_PATHS = (
					"$(inherited)",
					"@executable_path/Frameworks",
				);
				PRODUCT_BUNDLE_IDENTIFIER = com.example.LocoCamera;
				PRODUCT_NAME = LocoCamera;
				TARGETED_DEVICE_FAMILY = "1,2";
			};
			name = Release;
		};
/* End XCBuildConfiguration section */

/* Begin XCConfigurationList section */
		ECB4869F2400EDAC0090128C /* Build configuration list for PBXProject "CustomCamera" */ = {
			isa = XCConfigurationList;
			buildConfigurations = (
				ECB486BB2400EDAE0090128C /* Debug */,
				ECB486BC2400EDAE0090128C /* Release */,
			);
			defaultConfigurationIsVisible = 0;
			defaultConfigurationName = Release;
		};
		ECB486BD2400EDAE0090128C /* Build configuration list for PBXNativeTarget "CustomCamera" */ = {
			isa = XCConfigurationList;
			buildConfigurations = (
				ECB486BE2400EDAE0090128C /* Debug */,
				ECB486BF2400EDAE0090128C /* Release */,
			);
			defaultConfigurationIsVisible = 0;
			defaultConfigurationName = Release;
		};
/* End XCConfigurationList section */
	};
	rootObject = ECB4869C2400EDAC0090128C /* Project object */;
}
